{
    "name": "your-project-name",
    "version": "1.0.0",
    "lockfileVersion": 1,
    "requires": true,
    "dependencies": {
      "package-name": {
        "version": "1.2.3",
        "resolved": "https://registry.npmjs.org/package-name/-/package-name-1.2.3.tgz",
        "integrity": "sha512-XXXXXXXXXXXXXXXXXXXXXXXXXXXXXXXXXXXXXXXXXXXXXXXXXXXXXXXXXXXXXXXX",
        "dev": true,
        "dependencies": {
          "sub-package-name": {
            "version": "4.5.6",
            "bundled": true,
            "dev": true,
            "optional": true,
            "resolved": "https://registry.npmjs.org/sub-package-name/-/sub-package-name-4.5.6.tgz",
            "integrity": "sha512-XXXXXXXXXXXXXXXXXXXXXXXXXXXXXXXXXXXXXXXXXXXXXXXXXXXXXXXXXXXXXXXX"
          }
        }
      }
    }
  }
  